
Microsoft Visual Studio Solution File, Format Version 12.00
# Visual Studio Version 17
VisualStudioVersion = 17.4.33205.214
MinimumVisualStudioVersion = 10.0.40219.1
Project("{FAE04EC0-301F-11D3-BF4B-00C04F79EFBC}") = "3. 200+ деление на 17", "3. 200+ деление на 17\3. 200+ деление на 17.csproj", "{95E527C9-C864-4F0A-983D-E12D9C565573}"
EndProject
Global
	GlobalSection(SolutionConfigurationPlatforms) = preSolution
		Debug|Any CPU = Debug|Any CPU
		Release|Any CPU = Release|Any CPU
	EndGlobalSection
	GlobalSection(ProjectConfigurationPlatforms) = postSolution
		{95E527C9-C864-4F0A-983D-E12D9C565573}.Debug|Any CPU.ActiveCfg = Debug|Any CPU
		{95E527C9-C864-4F0A-983D-E12D9C565573}.Debug|Any CPU.Build.0 = Debug|Any CPU
		{95E527C9-C864-4F0A-983D-E12D9C565573}.Release|Any CPU.ActiveCfg = Release|Any CPU
		{95E527C9-C864-4F0A-983D-E12D9C565573}.Release|Any CPU.Build.0 = Release|Any CPU
	EndGlobalSection
	GlobalSection(SolutionProperties) = preSolution
		HideSolutionNode = FALSE
	EndGlobalSection
	GlobalSection(ExtensibilityGlobals) = postSolution
		SolutionGuid = {2271EFE3-4E54-484A-AAB5-5051B14537C6}
	EndGlobalSection
EndGlobal
